
Microsoft Visual Studio Solution File, Format Version 12.00
# Visual Studio Version 16
VisualStudioVersion = 16.0.31205.134
MinimumVisualStudioVersion = 10.0.40219.1
Project("{FAE04EC0-301F-11D3-BF4B-00C04F79EFBC}") = "JumpCloudAssignment", "JumpCloudAssignment\JumpCloudAssignment.csproj", "{B77E9E66-3AF7-45FF-973C-DDBA9C65DC2E}"
EndProject
Project("{FAE04EC0-301F-11D3-BF4B-00C04F79EFBC}") = "JumpCloudAssignment.Lib", "JumpCloudAssignment.Lib\JumpCloudAssignment.Lib.csproj", "{84060290-BEB4-4B07-A559-CA3887B6433C}"
EndProject
Project("{FAE04EC0-301F-11D3-BF4B-00C04F79EFBC}") = "JumpCloudAssignment.Tests", "JumpCloudAssignment.Tests\JumpCloudAssignment.Tests.csproj", "{FC801760-E16B-4EFC-B420-24DA703D5B99}"
EndProject
Global
	GlobalSection(SolutionConfigurationPlatforms) = preSolution
		Debug|Any CPU = Debug|Any CPU
		Release|Any CPU = Release|Any CPU
	EndGlobalSection
	GlobalSection(ProjectConfigurationPlatforms) = postSolution
		{B77E9E66-3AF7-45FF-973C-DDBA9C65DC2E}.Debug|Any CPU.ActiveCfg = Debug|Any CPU
		{B77E9E66-3AF7-45FF-973C-DDBA9C65DC2E}.Debug|Any CPU.Build.0 = Debug|Any CPU
		{B77E9E66-3AF7-45FF-973C-DDBA9C65DC2E}.Release|Any CPU.ActiveCfg = Release|Any CPU
		{B77E9E66-3AF7-45FF-973C-DDBA9C65DC2E}.Release|Any CPU.Build.0 = Release|Any CPU
		{84060290-BEB4-4B07-A559-CA3887B6433C}.Debug|Any CPU.ActiveCfg = Debug|Any CPU
		{84060290-BEB4-4B07-A559-CA3887B6433C}.Debug|Any CPU.Build.0 = Debug|Any CPU
		{84060290-BEB4-4B07-A559-CA3887B6433C}.Release|Any CPU.ActiveCfg = Release|Any CPU
		{84060290-BEB4-4B07-A559-CA3887B6433C}.Release|Any CPU.Build.0 = Release|Any CPU
		{FC801760-E16B-4EFC-B420-24DA703D5B99}.Debug|Any CPU.ActiveCfg = Debug|Any CPU
		{FC801760-E16B-4EFC-B420-24DA703D5B99}.Debug|Any CPU.Build.0 = Debug|Any CPU
		{FC801760-E16B-4EFC-B420-24DA703D5B99}.Release|Any CPU.ActiveCfg = Release|Any CPU
		{FC801760-E16B-4EFC-B420-24DA703D5B99}.Release|Any CPU.Build.0 = Release|Any CPU
	EndGlobalSection
	GlobalSection(SolutionProperties) = preSolution
		HideSolutionNode = FALSE
	EndGlobalSection
	GlobalSection(ExtensibilityGlobals) = postSolution
		SolutionGuid = {915F5CFC-8DCF-484C-8440-3A4E391D4205}
	EndGlobalSection
EndGlobal
